
Microsoft Visual Studio Solution File, Format Version 12.00
# Visual Studio 15
VisualStudioVersion = 15.0.28307.1927
MinimumVisualStudioVersion = 10.0.40219.1
Project("{FAE04EC0-301F-11D3-BF4B-00C04F79EFBC}") = "AsyncAwait", "AsyncAwait\AsyncAwait.csproj", "{AA81748C-4588-432E-8B63-20E70E91E1F7}"
EndProject
Global
	GlobalSection(SolutionConfigurationPlatforms) = preSolution
		Debug|Any CPU = Debug|Any CPU
		Release|Any CPU = Release|Any CPU
	EndGlobalSection
	GlobalSection(ProjectConfigurationPlatforms) = postSolution
		{AA81748C-4588-432E-8B63-20E70E91E1F7}.Debug|Any CPU.ActiveCfg = Debug|Any CPU
		{AA81748C-4588-432E-8B63-20E70E91E1F7}.Debug|Any CPU.Build.0 = Debug|Any CPU
		{AA81748C-4588-432E-8B63-20E70E91E1F7}.Release|Any CPU.ActiveCfg = Release|Any CPU
		{AA81748C-4588-432E-8B63-20E70E91E1F7}.Release|Any CPU.Build.0 = Release|Any CPU
	EndGlobalSection
	GlobalSection(SolutionProperties) = preSolution
		HideSolutionNode = FALSE
	EndGlobalSection
	GlobalSection(ExtensibilityGlobals) = postSolution
		SolutionGuid = {EB61013B-EEA8-44C7-83FD-234F55AE2213}
	EndGlobalSection
EndGlobal
